
Microsoft Visual Studio Solution File, Format Version 12.00
# Visual Studio Version 17
VisualStudioVersion = 17.7.34221.43
MinimumVisualStudioVersion = 10.0.40219.1
Project("{9A19103F-16F7-4668-BE54-9A1E7A4F7556}") = "ImageLabeler", "ImageLabeler\ImageLabeler.csproj", "{EB44B929-3CFB-43B7-8212-A32570FA5AA8}"
EndProject
Project("{FAE04EC0-301F-11D3-BF4B-00C04F79EFBC}") = "TestForm", "TestForm\TestForm.csproj", "{66EF4BD1-8CB7-43CE-ACD3-36C02B6AF9D5}"
EndProject
Global
	GlobalSection(SolutionConfigurationPlatforms) = preSolution
		Debug|Any CPU = Debug|Any CPU
		Release|Any CPU = Release|Any CPU
	EndGlobalSection
	GlobalSection(ProjectConfigurationPlatforms) = postSolution
		{EB44B929-3CFB-43B7-8212-A32570FA5AA8}.Debug|Any CPU.ActiveCfg = Debug|Any CPU
		{EB44B929-3CFB-43B7-8212-A32570FA5AA8}.Debug|Any CPU.Build.0 = Debug|Any CPU
		{EB44B929-3CFB-43B7-8212-A32570FA5AA8}.Release|Any CPU.ActiveCfg = Release|Any CPU
		{EB44B929-3CFB-43B7-8212-A32570FA5AA8}.Release|Any CPU.Build.0 = Release|Any CPU
		{66EF4BD1-8CB7-43CE-ACD3-36C02B6AF9D5}.Debug|Any CPU.ActiveCfg = Debug|Any CPU
		{66EF4BD1-8CB7-43CE-ACD3-36C02B6AF9D5}.Debug|Any CPU.Build.0 = Debug|Any CPU
		{66EF4BD1-8CB7-43CE-ACD3-36C02B6AF9D5}.Release|Any CPU.ActiveCfg = Release|Any CPU
		{66EF4BD1-8CB7-43CE-ACD3-36C02B6AF9D5}.Release|Any CPU.Build.0 = Release|Any CPU
	EndGlobalSection
	GlobalSection(SolutionProperties) = preSolution
		HideSolutionNode = FALSE
	EndGlobalSection
	GlobalSection(ExtensibilityGlobals) = postSolution
		SolutionGuid = {504A3A15-EC25-4CAD-B791-9A61B39DFBC2}
	EndGlobalSection
EndGlobal
